<?xml version="1.0" encoding="utf-8"?>
<Project ToolsVersion="4.0" xmlns="http://schemas.microsoft.com/developer/msbuild/2003">
  <ItemGroup>
    <Filter Include="core">
      <UniqueIdentifier>{ab43e5f9-bd19-4cfc-8bc7-88610bb128c9}</UniqueIdentifier>
    </Filter>
    <Filter Include="core\TAL">
      <UniqueIdentifier>{28fb7141-1534-4d2b-bed3-53777da00182}</UniqueIdentifier>
    </Filter>
    <Filter Include="core\TAL\TALBody">
      <UniqueIdentifier>{aae8a318-d0a7-4227-b309-20755593612e}</UniqueIdentifier>
    </Filter>
    <Filter Include="porting">
      <UniqueIdentifier>{684b3893-2445-4cbe-b383-900d045d5a02}</UniqueIdentifier>
    </Filter>
  </ItemGroup>
  <ItemGroup>
    <Text Include="ReadMe.txt" />
  </ItemGroup>
  <ItemGroup>
    <ClCompile Include="..\..\..\core\DaniTimerCore.cpp">
      <Filter>core</Filter>
    </ClCompile>
    <ClCompile Include="..\..\..\core\tal\talbody\TALBodyWindows.cpp">
      <Filter>core\TAL\TALBody</Filter>
    </ClCompile>
    <ClCompile Include="..\..\..\core\tal\TAL.cpp">
      <Filter>core\TAL</Filter>
    </ClCompile>
    <ClCompile Include="DaniTimer\DaniTimer.cpp">
      <Filter>porting</Filter>
    </ClCompile>
  </ItemGroup>
  <ItemGroup>
    <ClInclude Include="..\..\..\core\DaniTimerCore.h">
      <Filter>core</Filter>
    </ClInclude>
    <ClInclude Include="..\..\..\core\tal\talbody\TALBodyWindows.h">
      <Filter>core\TAL\TALBody</Filter>
    </ClInclude>
    <ClInclude Include="..\..\..\core\tal\TAL.h">
      <Filter>core\TAL</Filter>
    </ClInclude>
    <ClInclude Include="DaniTimer\DaniTimer.h">
      <Filter>porting</Filter>
    </ClInclude>
    <ClInclude Include="..\..\..\core\DaniTimerCoreTypes.h">
      <Filter>core</Filter>
    </ClInclude>
  </ItemGroup>
</Project>